
Microsoft Visual Studio Solution File, Format Version 12.00
# Visual Studio Version 16
VisualStudioVersion = 16.0.29001.49
MinimumVisualStudioVersion = 10.0.40219.1
Project("{FAE04EC0-301F-11D3-BF4B-00C04F79EFBC}") = "Telegram Menu Example", "Telegram Menu Example\Telegram Menu Example.csproj", "{8D6CBDD2-DE2B-4A44-9E09-0A889C3F1CDE}"
EndProject
Global
	GlobalSection(SolutionConfigurationPlatforms) = preSolution
		Debug|Any CPU = Debug|Any CPU
		Release|Any CPU = Release|Any CPU
	EndGlobalSection
	GlobalSection(ProjectConfigurationPlatforms) = postSolution
		{8D6CBDD2-DE2B-4A44-9E09-0A889C3F1CDE}.Debug|Any CPU.ActiveCfg = Debug|Any CPU
		{8D6CBDD2-DE2B-4A44-9E09-0A889C3F1CDE}.Debug|Any CPU.Build.0 = Debug|Any CPU
		{8D6CBDD2-DE2B-4A44-9E09-0A889C3F1CDE}.Release|Any CPU.ActiveCfg = Release|Any CPU
		{8D6CBDD2-DE2B-4A44-9E09-0A889C3F1CDE}.Release|Any CPU.Build.0 = Release|Any CPU
	EndGlobalSection
	GlobalSection(SolutionProperties) = preSolution
		HideSolutionNode = FALSE
	EndGlobalSection
	GlobalSection(ExtensibilityGlobals) = postSolution
		SolutionGuid = {7B279A9D-A778-4AC2-8141-0A1F26101A1E}
	EndGlobalSection
EndGlobal
